{
  "name": "@agent-monorepo/agent",
  "version": "1.0.0",
  "lockfileVersion": 3,
  "requires": true,
  "packages": {
    "": {
      "name": "@agent-monorepo/agent",
      "version": "1.0.0",
      "dependencies": {
        "immutable": "4.3.8"
      }
    },
    "node_modules/immutable": {
      "version": "4.3.8",
      "resolved": "https://registry.npmjs.org/immutable/-/immutable-4.3.8.tgz",
      "integrity": "sha512-39/5I2X3eNo5z1k1LhMkL5JdVvJ5ZD8C3sT8iE0F6v6C+5K8h7J6L8K9n0Z5Z5Z5Z5Z5Z5Z5Z5Z5Z5Z5Z5Z5Z5Z5Z5Z=="
    }
  }
}
