{
  "name": "@agent-monorepo/agent",
  "version": "1.0.0",
  "lockfileVersion": 3,
  "requires": true,
  "packages": {
    "": {
      "name": "@agent-monorepo/agent",
      "version": "1.0.0",
      "dependencies": {
        "immutable": "4.3.9"
      }
    },
    "node_modules/immutable": {
      "version": "4.3.9",
      "resolved": "https://registry.npmjs.org/immutable/-/immutable-4.3.9.tgz",
      "integrity": "sha512-Tx5+J6cJrYb+CS2q0HPPqEa2u+Gvq8mPqov0vZ+qKQ05vQ7J/vqi1pF/3q7+BA5g+H5p6rQ8w8dR5mC9+X7A=="
    }
  }
}
