{
  "name": "@agent/agent",
  "version": "1.0.0",
  "lockfileVersion": 3,
  "requires": true,
  "packages": {
    "": {
      "name": "@agent/agent",
      "version": "1.0.0",
      "dependencies": {
        "immutable": "4.3.8"
      }
    },
    "node_modules/immutable": {
      "version": "4.3.8",
      "resolved": "https://registry.npmjs.org/immutable/-/immutable-4.3.8.tgz",
      "integrity": "sha512-d/Ld9aLbKpNwyl0KiM2CT1WYvkitQ1TSvmRtkcV8FKStiDoA7Slzgjmb/1G2yhKM1p0xeNOieaTbFZmU1d3Xuw==",
      "license": "MIT"
    }
  }
}
